// !$*UTF8*$!
{
	archiveVersion = 1;
	classes = {
	};
	objectVersion = 46;
	objects = {

/* Begin PBXBuildFile section */
		7712AC8D1FD326A000A77759 /* Wikipedia-Constants.swift in Sources */ = {isa = PBXBuildFile; fileRef = 7712AC8B1FD3269F00A77759 /* Wikipedia-Constants.swift */; };
		7712AC8E1FD326A000A77759 /* Wikipedia.swift in Sources */ = {isa = PBXBuildFile; fileRef = 7712AC8C1FD3269F00A77759 /* Wikipedia.swift */; };
		7712AC951FD326ED00A77759 /* Article.swift in Sources */ = {isa = PBXBuildFile; fileRef = 7712AC911FD326ED00A77759 /* Article.swift */; };
		7712AC961FD326ED00A77759 /* Image+CoreDataProperties.swift in Sources */ = {isa = PBXBuildFile; fileRef = 7712AC921FD326ED00A77759 /* Image+CoreDataProperties.swift */; };
		7712AC971FD326ED00A77759 /* Image.swift in Sources */ = {isa = PBXBuildFile; fileRef = 7712AC931FD326ED00A77759 /* Image.swift */; };
		7712AC981FD326ED00A77759 /* Article+CoreDataProperties.swift in Sources */ = {isa = PBXBuildFile; fileRef = 7712AC941FD326ED00A77759 /* Article+CoreDataProperties.swift */; };
		7712AC9D1FD3273200A77759 /* Flickr-Constants.swift in Sources */ = {isa = PBXBuildFile; fileRef = 7712AC9A1FD3273200A77759 /* Flickr-Constants.swift */; };
		7712AC9E1FD3273200A77759 /* Flickr-APIKey.swift in Sources */ = {isa = PBXBuildFile; fileRef = 7712AC9B1FD3273200A77759 /* Flickr-APIKey.swift */; };
		7712AC9F1FD3273200A77759 /* Flickr.swift in Sources */ = {isa = PBXBuildFile; fileRef = 7712AC9C1FD3273200A77759 /* Flickr.swift */; };
		7712ACA41FD3273D00A77759 /* Model.swift in Sources */ = {isa = PBXBuildFile; fileRef = 7712ACA01FD3273C00A77759 /* Model.swift */; };
		7712ACA51FD3273D00A77759 /* VTAnnotation.swift in Sources */ = {isa = PBXBuildFile; fileRef = 7712ACA11FD3273C00A77759 /* VTAnnotation.swift */; };
		7712ACAA1FD3276C00A77759 /* SiteTableViewModel.swift in Sources */ = {isa = PBXBuildFile; fileRef = 7712ACA81FD3276C00A77759 /* SiteTableViewModel.swift */; };
		7712ACAB1FD3276C00A77759 /* PhotoViewModel.swift in Sources */ = {isa = PBXBuildFile; fileRef = 7712ACA91FD3276C00A77759 /* PhotoViewModel.swift */; };
		7712ACB01FD327BB00A77759 /* SSTableViewPhotosCell.swift in Sources */ = {isa = PBXBuildFile; fileRef = 7712ACAC1FD327BB00A77759 /* SSTableViewPhotosCell.swift */; };
		7712ACB11FD327BB00A77759 /* SSMultilineButton.swift in Sources */ = {isa = PBXBuildFile; fileRef = 7712ACAD1FD327BB00A77759 /* SSMultilineButton.swift */; };
		7712ACB21FD327BB00A77759 /* SSTableViewCell.swift in Sources */ = {isa = PBXBuildFile; fileRef = 7712ACAE1FD327BB00A77759 /* SSTableViewCell.swift */; };
		7712ACB31FD327BB00A77759 /* VTCollectionViewCell.swift in Sources */ = {isa = PBXBuildFile; fileRef = 7712ACAF1FD327BB00A77759 /* VTCollectionViewCell.swift */; };
		7712ACB81FD327CB00A77759 /* CoreDataStackManager.swift in Sources */ = {isa = PBXBuildFile; fileRef = 7712ACB41FD327CB00A77759 /* CoreDataStackManager.swift */; };
		7712ACBA1FD327CB00A77759 /* Model.xcdatamodeld in Sources */ = {isa = PBXBuildFile; fileRef = 7712ACB61FD327CB00A77759 /* Model.xcdatamodeld */; };
		7712ACC91FD327F800A77759 /* SiteTableViewController.swift in Sources */ = {isa = PBXBuildFile; fileRef = 7712ACC51FD327F800A77759 /* SiteTableViewController.swift */; };
		7712ACCA1FD327F800A77759 /* LocationsMapViewController.swift in Sources */ = {isa = PBXBuildFile; fileRef = 7712ACC61FD327F800A77759 /* LocationsMapViewController.swift */; };
		7712ACCB1FD327F800A77759 /* PhotoAlbumViewController.swift in Sources */ = {isa = PBXBuildFile; fileRef = 7712ACC71FD327F800A77759 /* PhotoAlbumViewController.swift */; };
		7712ACCC1FD327F800A77759 /* PhotoViewController.swift in Sources */ = {isa = PBXBuildFile; fileRef = 7712ACC81FD327F800A77759 /* PhotoViewController.swift */; };
		77381E591FD325EE0037A895 /* Main.storyboard in Resources */ = {isa = PBXBuildFile; fileRef = 77381E571FD325EE0037A895 /* Main.storyboard */; };
		77381E5C1FD326030037A895 /* LaunchScreen.storyboard in Resources */ = {isa = PBXBuildFile; fileRef = 77381E5A1FD326030037A895 /* LaunchScreen.storyboard */; };
		777DE3AA1CACDB8B007A81FC /* SnapshotHelper.swift in Sources */ = {isa = PBXBuildFile; fileRef = 777DE3A91CACDB8B007A81FC /* SnapshotHelper.swift */; };
		7793B1C81CA33F8100D893B7 /* AppDelegate.swift in Sources */ = {isa = PBXBuildFile; fileRef = 7793B1C71CA33F8100D893B7 /* AppDelegate.swift */; };
		7793B1CF1CA33F8100D893B7 /* Assets.xcassets in Resources */ = {isa = PBXBuildFile; fileRef = 7793B1CE1CA33F8100D893B7 /* Assets.xcassets */; };
		77DA5DCE1FD89DEE0096D3DC /* StateAbbreviations.swift in Sources */ = {isa = PBXBuildFile; fileRef = 77DA5DCD1FD89DEE0096D3DC /* StateAbbreviations.swift */; };
		77F0CA7E1CACCFF400D4CD95 /* SSUITests.swift in Sources */ = {isa = PBXBuildFile; fileRef = 77F0CA7D1CACCFF400D4CD95 /* SSUITests.swift */; };
/* End PBXBuildFile section */

/* Begin PBXContainerItemProxy section */
		77F0CA781CACCF7400D4CD95 /* PBXContainerItemProxy */ = {
			isa = PBXContainerItemProxy;
			containerPortal = 7793B1BC1CA33F8100D893B7 /* Project object */;
			proxyType = 1;
			remoteGlobalIDString = 7793B1C31CA33F8100D893B7;
			remoteInfo = SiteSee;
		};
/* End PBXContainerItemProxy section */

/* Begin PBXFileReference section */
		7712AC8B1FD3269F00A77759 /* Wikipedia-Constants.swift */ = {isa = PBXFileReference; fileEncoding = 4; lastKnownFileType = sourcecode.swift; path = "Wikipedia-Constants.swift"; sourceTree = "<group>"; };
		7712AC8C1FD3269F00A77759 /* Wikipedia.swift */ = {isa = PBXFileReference; fileEncoding = 4; lastKnownFileType = sourcecode.swift; path = Wikipedia.swift; sourceTree = "<group>"; };
		7712AC911FD326ED00A77759 /* Article.swift */ = {isa = PBXFileReference; fileEncoding = 4; lastKnownFileType = sourcecode.swift; path = Article.swift; sourceTree = "<group>"; };
		7712AC921FD326ED00A77759 /* Image+CoreDataProperties.swift */ = {isa = PBXFileReference; fileEncoding = 4; lastKnownFileType = sourcecode.swift; path = "Image+CoreDataProperties.swift"; sourceTree = "<group>"; };
		7712AC931FD326ED00A77759 /* Image.swift */ = {isa = PBXFileReference; fileEncoding = 4; lastKnownFileType = sourcecode.swift; path = Image.swift; sourceTree = "<group>"; };
		7712AC941FD326ED00A77759 /* Article+CoreDataProperties.swift */ = {isa = PBXFileReference; fileEncoding = 4; lastKnownFileType = sourcecode.swift; path = "Article+CoreDataProperties.swift"; sourceTree = "<group>"; };
		7712AC9A1FD3273200A77759 /* Flickr-Constants.swift */ = {isa = PBXFileReference; fileEncoding = 4; lastKnownFileType = sourcecode.swift; path = "Flickr-Constants.swift"; sourceTree = "<group>"; };
		7712AC9B1FD3273200A77759 /* Flickr-APIKey.swift */ = {isa = PBXFileReference; fileEncoding = 4; lastKnownFileType = sourcecode.swift; path = "Flickr-APIKey.swift"; sourceTree = "<group>"; };
		7712AC9C1FD3273200A77759 /* Flickr.swift */ = {isa = PBXFileReference; fileEncoding = 4; lastKnownFileType = sourcecode.swift; path = Flickr.swift; sourceTree = "<group>"; };
		7712ACA01FD3273C00A77759 /* Model.swift */ = {isa = PBXFileReference; fileEncoding = 4; lastKnownFileType = sourcecode.swift; path = Model.swift; sourceTree = "<group>"; };
		7712ACA11FD3273C00A77759 /* VTAnnotation.swift */ = {isa = PBXFileReference; fileEncoding = 4; lastKnownFileType = sourcecode.swift; path = VTAnnotation.swift; sourceTree = "<group>"; };
		7712ACA81FD3276C00A77759 /* SiteTableViewModel.swift */ = {isa = PBXFileReference; fileEncoding = 4; lastKnownFileType = sourcecode.swift; path = SiteTableViewModel.swift; sourceTree = "<group>"; };
		7712ACA91FD3276C00A77759 /* PhotoViewModel.swift */ = {isa = PBXFileReference; fileEncoding = 4; lastKnownFileType = sourcecode.swift; path = PhotoViewModel.swift; sourceTree = "<group>"; };
		7712ACAC1FD327BB00A77759 /* SSTableViewPhotosCell.swift */ = {isa = PBXFileReference; fileEncoding = 4; lastKnownFileType = sourcecode.swift; path = SSTableViewPhotosCell.swift; sourceTree = "<group>"; };
		7712ACAD1FD327BB00A77759 /* SSMultilineButton.swift */ = {isa = PBXFileReference; fileEncoding = 4; lastKnownFileType = sourcecode.swift; path = SSMultilineButton.swift; sourceTree = "<group>"; };
		7712ACAE1FD327BB00A77759 /* SSTableViewCell.swift */ = {isa = PBXFileReference; fileEncoding = 4; lastKnownFileType = sourcecode.swift; path = SSTableViewCell.swift; sourceTree = "<group>"; };
		7712ACAF1FD327BB00A77759 /* VTCollectionViewCell.swift */ = {isa = PBXFileReference; fileEncoding = 4; lastKnownFileType = sourcecode.swift; path = VTCollectionViewCell.swift; sourceTree = "<group>"; };
		7712ACB41FD327CB00A77759 /* CoreDataStackManager.swift */ = {isa = PBXFileReference; fileEncoding = 4; lastKnownFileType = sourcecode.swift; path = CoreDataStackManager.swift; sourceTree = "<group>"; };
		7712ACB71FD327CB00A77759 /* Model.xcdatamodel */ = {isa = PBXFileReference; lastKnownFileType = wrapper.xcdatamodel; path = Model.xcdatamodel; sourceTree = "<group>"; };
		7712ACC51FD327F800A77759 /* SiteTableViewController.swift */ = {isa = PBXFileReference; fileEncoding = 4; lastKnownFileType = sourcecode.swift; path = SiteTableViewController.swift; sourceTree = "<group>"; };
		7712ACC61FD327F800A77759 /* LocationsMapViewController.swift */ = {isa = PBXFileReference; fileEncoding = 4; lastKnownFileType = sourcecode.swift; path = LocationsMapViewController.swift; sourceTree = "<group>"; };
		7712ACC71FD327F800A77759 /* PhotoAlbumViewController.swift */ = {isa = PBXFileReference; fileEncoding = 4; lastKnownFileType = sourcecode.swift; path = PhotoAlbumViewController.swift; sourceTree = "<group>"; };
		7712ACC81FD327F800A77759 /* PhotoViewController.swift */ = {isa = PBXFileReference; fileEncoding = 4; lastKnownFileType = sourcecode.swift; path = PhotoViewController.swift; sourceTree = "<group>"; };
		77381E581FD325EE0037A895 /* Base */ = {isa = PBXFileReference; lastKnownFileType = file.storyboard; name = Base; path = SiteSee/Base.lproj/Main.storyboard; sourceTree = SOURCE_ROOT; };
		77381E5B1FD326030037A895 /* Base */ = {isa = PBXFileReference; lastKnownFileType = file.storyboard; name = Base; path = SiteSee/Base.lproj/LaunchScreen.storyboard; sourceTree = SOURCE_ROOT; };
		777DE3A91CACDB8B007A81FC /* SnapshotHelper.swift */ = {isa = PBXFileReference; lastKnownFileType = sourcecode.swift; path = SnapshotHelper.swift; sourceTree = "<group>"; };
		7793B1C41CA33F8100D893B7 /* SiteSee.app */ = {isa = PBXFileReference; explicitFileType = wrapper.application; includeInIndex = 0; path = SiteSee.app; sourceTree = BUILT_PRODUCTS_DIR; };
		7793B1C71CA33F8100D893B7 /* AppDelegate.swift */ = {isa = PBXFileReference; lastKnownFileType = sourcecode.swift; path = AppDelegate.swift; sourceTree = "<group>"; };
		7793B1CE1CA33F8100D893B7 /* Assets.xcassets */ = {isa = PBXFileReference; lastKnownFileType = folder.assetcatalog; path = Assets.xcassets; sourceTree = "<group>"; };
		7793B1D31CA33F8100D893B7 /* Info.plist */ = {isa = PBXFileReference; lastKnownFileType = text.plist.xml; path = Info.plist; sourceTree = "<group>"; };
		77DA5DCD1FD89DEE0096D3DC /* StateAbbreviations.swift */ = {isa = PBXFileReference; lastKnownFileType = sourcecode.swift; path = StateAbbreviations.swift; sourceTree = "<group>"; };
		77F0CA731CACCF7400D4CD95 /* SiteSeeUITests.xctest */ = {isa = PBXFileReference; explicitFileType = wrapper.cfbundle; includeInIndex = 0; path = SiteSeeUITests.xctest; sourceTree = BUILT_PRODUCTS_DIR; };
		77F0CA751CACCF7400D4CD95 /* SiteSeeUITests.swift */ = {isa = PBXFileReference; lastKnownFileType = sourcecode.swift; path = SiteSeeUITests.swift; sourceTree = "<group>"; };
		77F0CA771CACCF7400D4CD95 /* Info.plist */ = {isa = PBXFileReference; lastKnownFileType = text.plist.xml; path = Info.plist; sourceTree = "<group>"; };
		77F0CA7D1CACCFF400D4CD95 /* SSUITests.swift */ = {isa = PBXFileReference; fileEncoding = 4; lastKnownFileType = sourcecode.swift; path = SSUITests.swift; sourceTree = "<group>"; };
/* End PBXFileReference section */

/* Begin PBXFrameworksBuildPhase section */
		7793B1C11CA33F8100D893B7 /* Frameworks */ = {
			isa = PBXFrameworksBuildPhase;
			buildActionMask = 2147483647;
			files = (
			);
			runOnlyForDeploymentPostprocessing = 0;
		};
		77F0CA701CACCF7400D4CD95 /* Frameworks */ = {
			isa = PBXFrameworksBuildPhase;
			buildActionMask = 2147483647;
			files = (
			);
			runOnlyForDeploymentPostprocessing = 0;
		};
/* End PBXFrameworksBuildPhase section */

/* Begin PBXGroup section */
		7712AC8A1FD3268000A77759 /* Wikipedia */ = {
			isa = PBXGroup;
			children = (
				7712AC8B1FD3269F00A77759 /* Wikipedia-Constants.swift */,
				7712AC8C1FD3269F00A77759 /* Wikipedia.swift */,
			);
			path = Wikipedia;
			sourceTree = "<group>";
		};
		7712AC8F1FD326B400A77759 /* Entities */ = {
			isa = PBXGroup;
			children = (
				7712AC911FD326ED00A77759 /* Article.swift */,
				7712AC941FD326ED00A77759 /* Article+CoreDataProperties.swift */,
				7712AC931FD326ED00A77759 /* Image.swift */,
				7712AC921FD326ED00A77759 /* Image+CoreDataProperties.swift */,
			);
			path = Entities;
			sourceTree = "<group>";
		};
		7712AC901FD326DB00A77759 /* Model */ = {
			isa = PBXGroup;
			children = (
				7712ACB41FD327CB00A77759 /* CoreDataStackManager.swift */,
				77DA5DCD1FD89DEE0096D3DC /* StateAbbreviations.swift */,
				7712ACB61FD327CB00A77759 /* Model.xcdatamodeld */,
				7712ACA01FD3273C00A77759 /* Model.swift */,
				7712ACA11FD3273C00A77759 /* VTAnnotation.swift */,
				7712AC991FD326F500A77759 /* Flickr */,
				7712AC8F1FD326B400A77759 /* Entities */,
				7712AC8A1FD3268000A77759 /* Wikipedia */,
			);
			path = Model;
			sourceTree = "<group>";
		};
		7712AC991FD326F500A77759 /* Flickr */ = {
			isa = PBXGroup;
			children = (
				7712AC9B1FD3273200A77759 /* Flickr-APIKey.swift */,
				7712AC9A1FD3273200A77759 /* Flickr-Constants.swift */,
				7712AC9C1FD3273200A77759 /* Flickr.swift */,
			);
			path = Flickr;
			sourceTree = "<group>";
		};
		7712ACA71FD3276C00A77759 /* View Model */ = {
			isa = PBXGroup;
			children = (
				7712ACA81FD3276C00A77759 /* SiteTableViewModel.swift */,
				7712ACA91FD3276C00A77759 /* PhotoViewModel.swift */,
			);
			path = "View Model";
			sourceTree = "<group>";
		};
		7712ACC41FD327F800A77759 /* View Controller */ = {
			isa = PBXGroup;
			children = (
				7712ACC51FD327F800A77759 /* SiteTableViewController.swift */,
				7712ACC61FD327F800A77759 /* LocationsMapViewController.swift */,
				7712ACC71FD327F800A77759 /* PhotoAlbumViewController.swift */,
				7712ACC81FD327F800A77759 /* PhotoViewController.swift */,
			);
			path = "View Controller";
			sourceTree = "<group>";
		};
		77381E4D1FD3251C0037A895 /* View */ = {
			isa = PBXGroup;
			children = (
				7712ACAD1FD327BB00A77759 /* SSMultilineButton.swift */,
				7712ACAE1FD327BB00A77759 /* SSTableViewCell.swift */,
				7712ACAC1FD327BB00A77759 /* SSTableViewPhotosCell.swift */,
				7712ACAF1FD327BB00A77759 /* VTCollectionViewCell.swift */,
				77381E5A1FD326030037A895 /* LaunchScreen.storyboard */,
				77381E571FD325EE0037A895 /* Main.storyboard */,
			);
			path = View;
			sourceTree = "<group>";
		};
		7793B1BB1CA33F8100D893B7 = {
			isa = PBXGroup;
			children = (
				7793B1C61CA33F8100D893B7 /* SiteSee */,
				77F0CA741CACCF7400D4CD95 /* SiteSeeUITests */,
				7793B1C51CA33F8100D893B7 /* Products */,
				77F0CA6E1CACCF2200D4CD95 /* UITest */,
			);
			sourceTree = "<group>";
		};
		7793B1C51CA33F8100D893B7 /* Products */ = {
			isa = PBXGroup;
			children = (
				7793B1C41CA33F8100D893B7 /* SiteSee.app */,
				77F0CA731CACCF7400D4CD95 /* SiteSeeUITests.xctest */,
			);
			name = Products;
			sourceTree = "<group>";
		};
		7793B1C61CA33F8100D893B7 /* SiteSee */ = {
			isa = PBXGroup;
			children = (
				7712ACC41FD327F800A77759 /* View Controller */,
				77381E4D1FD3251C0037A895 /* View */,
				7793B1C71CA33F8100D893B7 /* AppDelegate.swift */,
				7793B1CE1CA33F8100D893B7 /* Assets.xcassets */,
				7793B1D31CA33F8100D893B7 /* Info.plist */,
				7712ACA71FD3276C00A77759 /* View Model */,
				7712AC901FD326DB00A77759 /* Model */,
			);
			path = SiteSee;
			sourceTree = "<group>";
		};
		77F0CA6E1CACCF2200D4CD95 /* UITest */ = {
			isa = PBXGroup;
			children = (
				777DE3A91CACDB8B007A81FC /* SnapshotHelper.swift */,
				77F0CA7D1CACCFF400D4CD95 /* SSUITests.swift */,
			);
			name = UITest;
			sourceTree = "<group>";
		};
		77F0CA741CACCF7400D4CD95 /* SiteSeeUITests */ = {
			isa = PBXGroup;
			children = (
				77F0CA751CACCF7400D4CD95 /* SiteSeeUITests.swift */,
				77F0CA771CACCF7400D4CD95 /* Info.plist */,
			);
			path = SiteSeeUITests;
			sourceTree = "<group>";
		};
/* End PBXGroup section */

/* Begin PBXNativeTarget section */
		7793B1C31CA33F8100D893B7 /* SiteSee */ = {
			isa = PBXNativeTarget;
			buildConfigurationList = 7793B1D61CA33F8100D893B7 /* Build configuration list for PBXNativeTarget "SiteSee" */;
			buildPhases = (
				7793B1C01CA33F8100D893B7 /* Sources */,
				7793B1C11CA33F8100D893B7 /* Frameworks */,
				7760CAD81CB7237D00A5A180 /* ShellScript */,
				7793B1C21CA33F8100D893B7 /* Resources */,
			);
			buildRules = (
			);
			dependencies = (
			);
			name = SiteSee;
			productName = SiteSee;
			productReference = 7793B1C41CA33F8100D893B7 /* SiteSee.app */;
			productType = "com.apple.product-type.application";
		};
		77F0CA721CACCF7400D4CD95 /* SiteSeeUITests */ = {
			isa = PBXNativeTarget;
			buildConfigurationList = 77F0CA7A1CACCF7400D4CD95 /* Build configuration list for PBXNativeTarget "SiteSeeUITests" */;
			buildPhases = (
				77F0CA6F1CACCF7400D4CD95 /* Sources */,
				77F0CA701CACCF7400D4CD95 /* Frameworks */,
				77F0CA711CACCF7400D4CD95 /* Resources */,
			);
			buildRules = (
			);
			dependencies = (
				77F0CA791CACCF7400D4CD95 /* PBXTargetDependency */,
			);
			name = SiteSeeUITests;
			productName = SiteSeeUITests;
			productReference = 77F0CA731CACCF7400D4CD95 /* SiteSeeUITests.xctest */;
			productType = "com.apple.product-type.bundle.ui-testing";
		};
/* End PBXNativeTarget section */

/* Begin PBXProject section */
		7793B1BC1CA33F8100D893B7 /* Project object */ = {
			isa = PBXProject;
			attributes = {
				LastSwiftUpdateCheck = 0730;
				LastUpgradeCheck = 0910;
				ORGANIZATIONNAME = Lai;
				TargetAttributes = {
					7793B1C31CA33F8100D893B7 = {
						CreatedOnToolsVersion = 7.3;
						DevelopmentTeam = DPRFY9YDG3;
						LastSwiftMigration = 0910;
					};
					77F0CA721CACCF7400D4CD95 = {
						CreatedOnToolsVersion = 7.3;
						LastSwiftMigration = 0910;
						TestTargetID = 7793B1C31CA33F8100D893B7;
					};
				};
			};
			buildConfigurationList = 7793B1BF1CA33F8100D893B7 /* Build configuration list for PBXProject "SiteSee" */;
			compatibilityVersion = "Xcode 3.2";
			developmentRegion = English;
			hasScannedForEncodings = 0;
			knownRegions = (
				en,
				Base,
			);
			mainGroup = 7793B1BB1CA33F8100D893B7;
			productRefGroup = 7793B1C51CA33F8100D893B7 /* Products */;
			projectDirPath = "";
			projectRoot = "";
			targets = (
				7793B1C31CA33F8100D893B7 /* SiteSee */,
				77F0CA721CACCF7400D4CD95 /* SiteSeeUITests */,
			);
		};
/* End PBXProject section */

/* Begin PBXResourcesBuildPhase section */
		7793B1C21CA33F8100D893B7 /* Resources */ = {
			isa = PBXResourcesBuildPhase;
			buildActionMask = 2147483647;
			files = (
				77381E5C1FD326030037A895 /* LaunchScreen.storyboard in Resources */,
				77381E591FD325EE0037A895 /* Main.storyboard in Resources */,
				7793B1CF1CA33F8100D893B7 /* Assets.xcassets in Resources */,
			);
			runOnlyForDeploymentPostprocessing = 0;
		};
		77F0CA711CACCF7400D4CD95 /* Resources */ = {
			isa = PBXResourcesBuildPhase;
			buildActionMask = 2147483647;
			files = (
			);
			runOnlyForDeploymentPostprocessing = 0;
		};
/* End PBXResourcesBuildPhase section */

/* Begin PBXShellScriptBuildPhase section */
		7760CAD81CB7237D00A5A180 /* ShellScript */ = {
			isa = PBXShellScriptBuildPhase;
			buildActionMask = 2147483647;
			files = (
			);
			inputPaths = (
			);
			outputPaths = (
			);
			runOnlyForDeploymentPostprocessing = 0;
			shellPath = /bin/sh;
			shellScript = "buildNumber=$(/usr/libexec/PlistBuddy -c \"Print CFBundleVersion\" \"$INFOPLIST_FILE\")\nbuildNumber=$(($buildNumber + 1))\n/usr/libexec/PlistBuddy -c \"Set :CFBundleVersion $buildNumber\" \"$INFOPLIST_FILE\"";
		};
/* End PBXShellScriptBuildPhase section */

/* Begin PBXSourcesBuildPhase section */
		7793B1C01CA33F8100D893B7 /* Sources */ = {
			isa = PBXSourcesBuildPhase;
			buildActionMask = 2147483647;
			files = (
				7712AC971FD326ED00A77759 /* Image.swift in Sources */,
				7712AC9F1FD3273200A77759 /* Flickr.swift in Sources */,
				7712ACAB1FD3276C00A77759 /* PhotoViewModel.swift in Sources */,
				7712AC961FD326ED00A77759 /* Image+CoreDataProperties.swift in Sources */,
				7712ACBA1FD327CB00A77759 /* Model.xcdatamodeld in Sources */,
				7712ACCA1FD327F800A77759 /* LocationsMapViewController.swift in Sources */,
				7712ACA41FD3273D00A77759 /* Model.swift in Sources */,
				7712AC9D1FD3273200A77759 /* Flickr-Constants.swift in Sources */,
				7712ACB81FD327CB00A77759 /* CoreDataStackManager.swift in Sources */,
				7712ACAA1FD3276C00A77759 /* SiteTableViewModel.swift in Sources */,
				7793B1C81CA33F8100D893B7 /* AppDelegate.swift in Sources */,
				7712AC981FD326ED00A77759 /* Article+CoreDataProperties.swift in Sources */,
				7712AC8D1FD326A000A77759 /* Wikipedia-Constants.swift in Sources */,
				7712ACCB1FD327F800A77759 /* PhotoAlbumViewController.swift in Sources */,
				7712ACB31FD327BB00A77759 /* VTCollectionViewCell.swift in Sources */,
				7712AC951FD326ED00A77759 /* Article.swift in Sources */,
				7712ACA51FD3273D00A77759 /* VTAnnotation.swift in Sources */,
				7712ACB11FD327BB00A77759 /* SSMultilineButton.swift in Sources */,
				7712AC9E1FD3273200A77759 /* Flickr-APIKey.swift in Sources */,
				7712AC8E1FD326A000A77759 /* Wikipedia.swift in Sources */,
				7712ACC91FD327F800A77759 /* SiteTableViewController.swift in Sources */,
				7712ACCC1FD327F800A77759 /* PhotoViewController.swift in Sources */,
				77DA5DCE1FD89DEE0096D3DC /* StateAbbreviations.swift in Sources */,
				7712ACB21FD327BB00A77759 /* SSTableViewCell.swift in Sources */,
				7712ACB01FD327BB00A77759 /* SSTableViewPhotosCell.swift in Sources */,
			);
			runOnlyForDeploymentPostprocessing = 0;
		};
		77F0CA6F1CACCF7400D4CD95 /* Sources */ = {
			isa = PBXSourcesBuildPhase;
			buildActionMask = 2147483647;
			files = (
				777DE3AA1CACDB8B007A81FC /* SnapshotHelper.swift in Sources */,
				77F0CA7E1CACCFF400D4CD95 /* SSUITests.swift in Sources */,
			);
			runOnlyForDeploymentPostprocessing = 0;
		};
/* End PBXSourcesBuildPhase section */

/* Begin PBXTargetDependency section */
		77F0CA791CACCF7400D4CD95 /* PBXTargetDependency */ = {
			isa = PBXTargetDependency;
			target = 7793B1C31CA33F8100D893B7 /* SiteSee */;
			targetProxy = 77F0CA781CACCF7400D4CD95 /* PBXContainerItemProxy */;
		};
/* End PBXTargetDependency section */

/* Begin PBXVariantGroup section */
		77381E571FD325EE0037A895 /* Main.storyboard */ = {
			isa = PBXVariantGroup;
			children = (
				77381E581FD325EE0037A895 /* Base */,
			);
			name = Main.storyboard;
			sourceTree = "<group>";
		};
		77381E5A1FD326030037A895 /* LaunchScreen.storyboard */ = {
			isa = PBXVariantGroup;
			children = (
				77381E5B1FD326030037A895 /* Base */,
			);
			name = LaunchScreen.storyboard;
			sourceTree = "<group>";
		};
/* End PBXVariantGroup section */

/* Begin XCBuildConfiguration section */
		7793B1D41CA33F8100D893B7 /* Debug */ = {
			isa = XCBuildConfiguration;
			buildSettings = {
				ALWAYS_SEARCH_USER_PATHS = NO;
				CLANG_ANALYZER_NONNULL = YES;
				CLANG_CXX_LANGUAGE_STANDARD = "gnu++0x";
				CLANG_CXX_LIBRARY = "libc++";
				CLANG_ENABLE_MODULES = YES;
				CLANG_ENABLE_OBJC_ARC = YES;
				CLANG_WARN_BLOCK_CAPTURE_AUTORELEASING = YES;
				CLANG_WARN_BOOL_CONVERSION = YES;
				CLANG_WARN_COMMA = YES;
				CLANG_WARN_CONSTANT_CONVERSION = YES;
				CLANG_WARN_DIRECT_OBJC_ISA_USAGE = YES_ERROR;
				CLANG_WARN_EMPTY_BODY = YES;
				CLANG_WARN_ENUM_CONVERSION = YES;
				CLANG_WARN_INFINITE_RECURSION = YES;
				CLANG_WARN_INT_CONVERSION = YES;
				CLANG_WARN_NON_LITERAL_NULL_CONVERSION = YES;
				CLANG_WARN_OBJC_LITERAL_CONVERSION = YES;
				CLANG_WARN_OBJC_ROOT_CLASS = YES_ERROR;
				CLANG_WARN_RANGE_LOOP_ANALYSIS = YES;
				CLANG_WARN_STRICT_PROTOTYPES = YES;
				CLANG_WARN_SUSPICIOUS_MOVE = YES;
				CLANG_WARN_UNREACHABLE_CODE = YES;
				CLANG_WARN__DUPLICATE_METHOD_MATCH = YES;
				"CODE_SIGN_IDENTITY[sdk=iphoneos*]" = "iPhone Developer";
				COPY_PHASE_STRIP = NO;
				DEBUG_INFORMATION_FORMAT = dwarf;
				ENABLE_STRICT_OBJC_MSGSEND = YES;
				ENABLE_TESTABILITY = YES;
				GCC_C_LANGUAGE_STANDARD = gnu99;
				GCC_DYNAMIC_NO_PIC = NO;
				GCC_NO_COMMON_BLOCKS = YES;
				GCC_OPTIMIZATION_LEVEL = 0;
				GCC_PREPROCESSOR_DEFINITIONS = (
					"DEBUG=1",
					"$(inherited)",
				);
				GCC_WARN_64_TO_32_BIT_CONVERSION = YES;
				GCC_WARN_ABOUT_RETURN_TYPE = YES_ERROR;
				GCC_WARN_UNDECLARED_SELECTOR = YES;
				GCC_WARN_UNINITIALIZED_AUTOS = YES_AGGRESSIVE;
				GCC_WARN_UNUSED_FUNCTION = YES;
				GCC_WARN_UNUSED_VARIABLE = YES;
				IPHONEOS_DEPLOYMENT_TARGET = 9.3;
				MTL_ENABLE_DEBUG_INFO = YES;
				ONLY_ACTIVE_ARCH = YES;
				SDKROOT = iphoneos;
				SWIFT_OPTIMIZATION_LEVEL = "-Onone";
			};
			name = Debug;
		};
		7793B1D51CA33F8100D893B7 /* Release */ = {
			isa = XCBuildConfiguration;
			buildSettings = {
				ALWAYS_SEARCH_USER_PATHS = NO;
				CLANG_ANALYZER_NONNULL = YES;
				CLANG_CXX_LANGUAGE_STANDARD = "gnu++0x";
				CLANG_CXX_LIBRARY = "libc++";
				CLANG_ENABLE_MODULES = YES;
				CLANG_ENABLE_OBJC_ARC = YES;
				CLANG_WARN_BLOCK_CAPTURE_AUTORELEASING = YES;
				CLANG_WARN_BOOL_CONVERSION = YES;
				CLANG_WARN_COMMA = YES;
				CLANG_WARN_CONSTANT_CONVERSION = YES;
				CLANG_WARN_DIRECT_OBJC_ISA_USAGE = YES_ERROR;
				CLANG_WARN_EMPTY_BODY = YES;
				CLANG_WARN_ENUM_CONVERSION = YES;
				CLANG_WARN_INFINITE_RECURSION = YES;
				CLANG_WARN_INT_CONVERSION = YES;
				CLANG_WARN_NON_LITERAL_NULL_CONVERSION = YES;
				CLANG_WARN_OBJC_LITERAL_CONVERSION = YES;
				CLANG_WARN_OBJC_ROOT_CLASS = YES_ERROR;
				CLANG_WARN_RANGE_LOOP_ANALYSIS = YES;
				CLANG_WARN_STRICT_PROTOTYPES = YES;
				CLANG_WARN_SUSPICIOUS_MOVE = YES;
				CLANG_WARN_UNREACHABLE_CODE = YES;
				CLANG_WARN__DUPLICATE_METHOD_MATCH = YES;
				"CODE_SIGN_IDENTITY[sdk=iphoneos*]" = "iPhone Developer";
				COPY_PHASE_STRIP = NO;
				DEBUG_INFORMATION_FORMAT = "dwarf-with-dsym";
				ENABLE_NS_ASSERTIONS = NO;
				ENABLE_STRICT_OBJC_MSGSEND = YES;
				GCC_C_LANGUAGE_STANDARD = gnu99;
				GCC_NO_COMMON_BLOCKS = YES;
				GCC_WARN_64_TO_32_BIT_CONVERSION = YES;
				GCC_WARN_ABOUT_RETURN_TYPE = YES_ERROR;
				GCC_WARN_UNDECLARED_SELECTOR = YES;
				GCC_WARN_UNINITIALIZED_AUTOS = YES_AGGRESSIVE;
				GCC_WARN_UNUSED_FUNCTION = YES;
				GCC_WARN_UNUSED_VARIABLE = YES;
				IPHONEOS_DEPLOYMENT_TARGET = 9.3;
				MTL_ENABLE_DEBUG_INFO = NO;
				SDKROOT = iphoneos;
				SWIFT_OPTIMIZATION_LEVEL = "-Owholemodule";
				VALIDATE_PRODUCT = YES;
			};
			name = Release;
		};
		7793B1D71CA33F8100D893B7 /* Debug */ = {
			isa = XCBuildConfiguration;
			buildSettings = {
				ASSETCATALOG_COMPILER_APPICON_NAME = AppIcon;
				CODE_SIGN_IDENTITY = "iPhone Developer";
				"CODE_SIGN_IDENTITY[sdk=iphoneos*]" = "iPhone Developer";
				INFOPLIST_FILE = SiteSee/Info.plist;
				IPHONEOS_DEPLOYMENT_TARGET = 10.3;
				LD_RUNPATH_SEARCH_PATHS = "$(inherited) @executable_path/Frameworks";
				PRODUCT_BUNDLE_IDENTIFIER = com.Lai.SiteSee;
				PRODUCT_NAME = "$(TARGET_NAME)";
				PROVISIONING_PROFILE = "";
				SWIFT_SWIFT3_OBJC_INFERENCE = On;
				SWIFT_VERSION = 4.0;
				TARGETED_DEVICE_FAMILY = 1;
				VERSIONING_SYSTEM = "apple-generic";
			};
			name = Debug;
		};
		7793B1D81CA33F8100D893B7 /* Release */ = {
			isa = XCBuildConfiguration;
			buildSettings = {
				ASSETCATALOG_COMPILER_APPICON_NAME = AppIcon;
				CODE_SIGN_IDENTITY = "iPhone Developer";
				"CODE_SIGN_IDENTITY[sdk=iphoneos*]" = "iPhone Developer";
				INFOPLIST_FILE = SiteSee/Info.plist;
				IPHONEOS_DEPLOYMENT_TARGET = 10.3;
				LD_RUNPATH_SEARCH_PATHS = "$(inherited) @executable_path/Frameworks";
				PRODUCT_BUNDLE_IDENTIFIER = com.Lai.SiteSee;
				PRODUCT_NAME = "$(TARGET_NAME)";
				PROVISIONING_PROFILE = "";
				SWIFT_SWIFT3_OBJC_INFERENCE = On;
				SWIFT_VERSION = 4.0;
				TARGETED_DEVICE_FAMILY = 1;
				VERSIONING_SYSTEM = "apple-generic";
			};
			name = Release;
		};
		77F0CA7B1CACCF7400D4CD95 /* Debug */ = {
			isa = XCBuildConfiguration;
			buildSettings = {
				INFOPLIST_FILE = SiteSeeUITests/Info.plist;
				IPHONEOS_DEPLOYMENT_TARGET = 10.3;
				LD_RUNPATH_SEARCH_PATHS = "$(inherited) @executable_path/Frameworks @loader_path/Frameworks";
				PRODUCT_BUNDLE_IDENTIFIER = com.Lai.SiteSeeUITests;
				PRODUCT_NAME = "$(TARGET_NAME)";
				SWIFT_SWIFT3_OBJC_INFERENCE = On;
				SWIFT_VERSION = 4.0;
				TEST_TARGET_NAME = SiteSee;
			};
			name = Debug;
		};
		77F0CA7C1CACCF7400D4CD95 /* Release */ = {
			isa = XCBuildConfiguration;
			buildSettings = {
				INFOPLIST_FILE = SiteSeeUITests/Info.plist;
				IPHONEOS_DEPLOYMENT_TARGET = 10.3;
				LD_RUNPATH_SEARCH_PATHS = "$(inherited) @executable_path/Frameworks @loader_path/Frameworks";
				PRODUCT_BUNDLE_IDENTIFIER = com.Lai.SiteSeeUITests;
				PRODUCT_NAME = "$(TARGET_NAME)";
				SWIFT_SWIFT3_OBJC_INFERENCE = On;
				SWIFT_VERSION = 4.0;
				TEST_TARGET_NAME = SiteSee;
			};
			name = Release;
		};
/* End XCBuildConfiguration section */

/* Begin XCConfigurationList section */
		7793B1BF1CA33F8100D893B7 /* Build configuration list for PBXProject "SiteSee" */ = {
			isa = XCConfigurationList;
			buildConfigurations = (
				7793B1D41CA33F8100D893B7 /* Debug */,
				7793B1D51CA33F8100D893B7 /* Release */,
			);
			defaultConfigurationIsVisible = 0;
			defaultConfigurationName = Release;
		};
		7793B1D61CA33F8100D893B7 /* Build configuration list for PBXNativeTarget "SiteSee" */ = {
			isa = XCConfigurationList;
			buildConfigurations = (
				7793B1D71CA33F8100D893B7 /* Debug */,
				7793B1D81CA33F8100D893B7 /* Release */,
			);
			defaultConfigurationIsVisible = 0;
			defaultConfigurationName = Release;
		};
		77F0CA7A1CACCF7400D4CD95 /* Build configuration list for PBXNativeTarget "SiteSeeUITests" */ = {
			isa = XCConfigurationList;
			buildConfigurations = (
				77F0CA7B1CACCF7400D4CD95 /* Debug */,
				77F0CA7C1CACCF7400D4CD95 /* Release */,
			);
			defaultConfigurationIsVisible = 0;
			defaultConfigurationName = Release;
		};
/* End XCConfigurationList section */

/* Begin XCVersionGroup section */
		7712ACB61FD327CB00A77759 /* Model.xcdatamodeld */ = {
			isa = XCVersionGroup;
			children = (
				7712ACB71FD327CB00A77759 /* Model.xcdatamodel */,
			);
			currentVersion = 7712ACB71FD327CB00A77759 /* Model.xcdatamodel */;
			path = Model.xcdatamodeld;
			sourceTree = "<group>";
			versionGroupType = wrapper.xcdatamodel;
		};
/* End XCVersionGroup section */
	};
	rootObject = 7793B1BC1CA33F8100D893B7 /* Project object */;
}
