// !$*UTF8*$!
{
	archiveVersion = 1;
	classes = {
	};
	objectVersion = 46;
	objects = {

/* Begin PBXBuildFile section */
		772B7DD61CA3943100849896 /* SSTableViewCell.swift in Sources */ = {isa = PBXBuildFile; fileRef = 772B7DD51CA3943100849896 /* SSTableViewCell.swift */; };
		772B7DDE1CA47A0900849896 /* SSTableViewPhotosCell.swift in Sources */ = {isa = PBXBuildFile; fileRef = 772B7DDD1CA47A0900849896 /* SSTableViewPhotosCell.swift */; };
		7760CAD51CB718DF00A5A180 /* Flickr-APIKey.swift in Sources */ = {isa = PBXBuildFile; fileRef = 7760CAD41CB718DF00A5A180 /* Flickr-APIKey.swift */; };
		7760CAD71CB71DDA00A5A180 /* SSMultilineButton.swift in Sources */ = {isa = PBXBuildFile; fileRef = 7760CAD61CB71DDA00A5A180 /* SSMultilineButton.swift */; };
		777DE3AA1CACDB8B007A81FC /* SnapshotHelper.swift in Sources */ = {isa = PBXBuildFile; fileRef = 777DE3A91CACDB8B007A81FC /* SnapshotHelper.swift */; };
		7793B1C81CA33F8100D893B7 /* AppDelegate.swift in Sources */ = {isa = PBXBuildFile; fileRef = 7793B1C71CA33F8100D893B7 /* AppDelegate.swift */; };
		7793B1CD1CA33F8100D893B7 /* Main.storyboard in Resources */ = {isa = PBXBuildFile; fileRef = 7793B1CB1CA33F8100D893B7 /* Main.storyboard */; };
		7793B1CF1CA33F8100D893B7 /* Assets.xcassets in Resources */ = {isa = PBXBuildFile; fileRef = 7793B1CE1CA33F8100D893B7 /* Assets.xcassets */; };
		7793B1D21CA33F8100D893B7 /* LaunchScreen.storyboard in Resources */ = {isa = PBXBuildFile; fileRef = 7793B1D01CA33F8100D893B7 /* LaunchScreen.storyboard */; };
		7793B1E81CA3400900D893B7 /* Article.swift in Sources */ = {isa = PBXBuildFile; fileRef = 7793B1D91CA3400900D893B7 /* Article.swift */; };
		7793B1E91CA3400900D893B7 /* Article+CoreDataProperties.swift in Sources */ = {isa = PBXBuildFile; fileRef = 7793B1DA1CA3400900D893B7 /* Article+CoreDataProperties.swift */; };
		7793B1EA1CA3400900D893B7 /* SiteTableViewController.swift in Sources */ = {isa = PBXBuildFile; fileRef = 7793B1DB1CA3400900D893B7 /* SiteTableViewController.swift */; };
		7793B1EB1CA3400900D893B7 /* Image.swift in Sources */ = {isa = PBXBuildFile; fileRef = 7793B1DC1CA3400900D893B7 /* Image.swift */; };
		7793B1EC1CA3400900D893B7 /* Wikipedia.swift in Sources */ = {isa = PBXBuildFile; fileRef = 7793B1DD1CA3400900D893B7 /* Wikipedia.swift */; };
		7793B1ED1CA3400900D893B7 /* Wikipedia-Constants.swift in Sources */ = {isa = PBXBuildFile; fileRef = 7793B1DE1CA3400900D893B7 /* Wikipedia-Constants.swift */; };
		7793B1EE1CA3400900D893B7 /* PhotoAlbumViewController.swift in Sources */ = {isa = PBXBuildFile; fileRef = 7793B1DF1CA3400900D893B7 /* PhotoAlbumViewController.swift */; };
		7793B1EF1CA3400900D893B7 /* Image+CoreDataProperties.swift in Sources */ = {isa = PBXBuildFile; fileRef = 7793B1E01CA3400900D893B7 /* Image+CoreDataProperties.swift */; };
		7793B1F01CA3400900D893B7 /* Flickr.swift in Sources */ = {isa = PBXBuildFile; fileRef = 7793B1E11CA3400900D893B7 /* Flickr.swift */; };
		7793B1F11CA3400900D893B7 /* Model.swift in Sources */ = {isa = PBXBuildFile; fileRef = 7793B1E21CA3400900D893B7 /* Model.swift */; };
		7793B1F21CA3400900D893B7 /* LocationsMapViewController.swift in Sources */ = {isa = PBXBuildFile; fileRef = 7793B1E31CA3400900D893B7 /* LocationsMapViewController.swift */; };
		7793B1F31CA3400900D893B7 /* VTAnnotation.swift in Sources */ = {isa = PBXBuildFile; fileRef = 7793B1E41CA3400900D893B7 /* VTAnnotation.swift */; };
		7793B1F41CA3400900D893B7 /* CoreDataStackManager.swift in Sources */ = {isa = PBXBuildFile; fileRef = 7793B1E51CA3400900D893B7 /* CoreDataStackManager.swift */; };
		7793B1F51CA3400900D893B7 /* Flickr-Constants.swift in Sources */ = {isa = PBXBuildFile; fileRef = 7793B1E61CA3400900D893B7 /* Flickr-Constants.swift */; };
		7793B1F61CA3400900D893B7 /* VTCollectionViewCell.swift in Sources */ = {isa = PBXBuildFile; fileRef = 7793B1E71CA3400900D893B7 /* VTCollectionViewCell.swift */; };
		7793B1F91CA3401D00D893B7 /* Model.xcdatamodeld in Sources */ = {isa = PBXBuildFile; fileRef = 7793B1F71CA3401D00D893B7 /* Model.xcdatamodeld */; };
		77BD792F1FB69CDE000F72F9 /* PhotoViewModel.swift in Sources */ = {isa = PBXBuildFile; fileRef = 77BD792E1FB69CDE000F72F9 /* PhotoViewModel.swift */; };
		77F0CA7E1CACCFF400D4CD95 /* SSUITests.swift in Sources */ = {isa = PBXBuildFile; fileRef = 77F0CA7D1CACCFF400D4CD95 /* SSUITests.swift */; };
		77F7AA461CA6E94D00658273 /* PhotoViewController.swift in Sources */ = {isa = PBXBuildFile; fileRef = 77F7AA451CA6E94D00658273 /* PhotoViewController.swift */; };
/* End PBXBuildFile section */

/* Begin PBXContainerItemProxy section */
		77F0CA781CACCF7400D4CD95 /* PBXContainerItemProxy */ = {
			isa = PBXContainerItemProxy;
			containerPortal = 7793B1BC1CA33F8100D893B7 /* Project object */;
			proxyType = 1;
			remoteGlobalIDString = 7793B1C31CA33F8100D893B7;
			remoteInfo = SiteSee;
		};
/* End PBXContainerItemProxy section */

/* Begin PBXFileReference section */
		772B7DD51CA3943100849896 /* SSTableViewCell.swift */ = {isa = PBXFileReference; fileEncoding = 4; lastKnownFileType = sourcecode.swift; path = SSTableViewCell.swift; sourceTree = "<group>"; };
		772B7DDD1CA47A0900849896 /* SSTableViewPhotosCell.swift */ = {isa = PBXFileReference; fileEncoding = 4; lastKnownFileType = sourcecode.swift; path = SSTableViewPhotosCell.swift; sourceTree = "<group>"; };
		7760CAD41CB718DF00A5A180 /* Flickr-APIKey.swift */ = {isa = PBXFileReference; fileEncoding = 4; lastKnownFileType = sourcecode.swift; path = "Flickr-APIKey.swift"; sourceTree = "<group>"; };
		7760CAD61CB71DDA00A5A180 /* SSMultilineButton.swift */ = {isa = PBXFileReference; fileEncoding = 4; lastKnownFileType = sourcecode.swift; path = SSMultilineButton.swift; sourceTree = "<group>"; };
		777DE3A91CACDB8B007A81FC /* SnapshotHelper.swift */ = {isa = PBXFileReference; lastKnownFileType = sourcecode.swift; path = SnapshotHelper.swift; sourceTree = "<group>"; };
		7793B1C41CA33F8100D893B7 /* SiteSee.app */ = {isa = PBXFileReference; explicitFileType = wrapper.application; includeInIndex = 0; path = SiteSee.app; sourceTree = BUILT_PRODUCTS_DIR; };
		7793B1C71CA33F8100D893B7 /* AppDelegate.swift */ = {isa = PBXFileReference; lastKnownFileType = sourcecode.swift; path = AppDelegate.swift; sourceTree = "<group>"; };
		7793B1CC1CA33F8100D893B7 /* Base */ = {isa = PBXFileReference; lastKnownFileType = file.storyboard; name = Base; path = Base.lproj/Main.storyboard; sourceTree = "<group>"; };
		7793B1CE1CA33F8100D893B7 /* Assets.xcassets */ = {isa = PBXFileReference; lastKnownFileType = folder.assetcatalog; path = Assets.xcassets; sourceTree = "<group>"; };
		7793B1D11CA33F8100D893B7 /* Base */ = {isa = PBXFileReference; lastKnownFileType = file.storyboard; name = Base; path = Base.lproj/LaunchScreen.storyboard; sourceTree = "<group>"; };
		7793B1D31CA33F8100D893B7 /* Info.plist */ = {isa = PBXFileReference; lastKnownFileType = text.plist.xml; path = Info.plist; sourceTree = "<group>"; };
		7793B1D91CA3400900D893B7 /* Article.swift */ = {isa = PBXFileReference; fileEncoding = 4; lastKnownFileType = sourcecode.swift; path = Article.swift; sourceTree = "<group>"; };
		7793B1DA1CA3400900D893B7 /* Article+CoreDataProperties.swift */ = {isa = PBXFileReference; fileEncoding = 4; lastKnownFileType = sourcecode.swift; path = "Article+CoreDataProperties.swift"; sourceTree = "<group>"; };
		7793B1DB1CA3400900D893B7 /* SiteTableViewController.swift */ = {isa = PBXFileReference; fileEncoding = 4; lastKnownFileType = sourcecode.swift; path = SiteTableViewController.swift; sourceTree = "<group>"; };
		7793B1DC1CA3400900D893B7 /* Image.swift */ = {isa = PBXFileReference; fileEncoding = 4; lastKnownFileType = sourcecode.swift; path = Image.swift; sourceTree = "<group>"; };
		7793B1DD1CA3400900D893B7 /* Wikipedia.swift */ = {isa = PBXFileReference; fileEncoding = 4; lastKnownFileType = sourcecode.swift; path = Wikipedia.swift; sourceTree = "<group>"; };
		7793B1DE1CA3400900D893B7 /* Wikipedia-Constants.swift */ = {isa = PBXFileReference; fileEncoding = 4; lastKnownFileType = sourcecode.swift; path = "Wikipedia-Constants.swift"; sourceTree = "<group>"; };
		7793B1DF1CA3400900D893B7 /* PhotoAlbumViewController.swift */ = {isa = PBXFileReference; fileEncoding = 4; lastKnownFileType = sourcecode.swift; path = PhotoAlbumViewController.swift; sourceTree = "<group>"; };
		7793B1E01CA3400900D893B7 /* Image+CoreDataProperties.swift */ = {isa = PBXFileReference; fileEncoding = 4; lastKnownFileType = sourcecode.swift; path = "Image+CoreDataProperties.swift"; sourceTree = "<group>"; };
		7793B1E11CA3400900D893B7 /* Flickr.swift */ = {isa = PBXFileReference; fileEncoding = 4; lastKnownFileType = sourcecode.swift; path = Flickr.swift; sourceTree = "<group>"; };
		7793B1E21CA3400900D893B7 /* Model.swift */ = {isa = PBXFileReference; fileEncoding = 4; lastKnownFileType = sourcecode.swift; path = Model.swift; sourceTree = "<group>"; };
		7793B1E31CA3400900D893B7 /* LocationsMapViewController.swift */ = {isa = PBXFileReference; fileEncoding = 4; lastKnownFileType = sourcecode.swift; path = LocationsMapViewController.swift; sourceTree = "<group>"; };
		7793B1E41CA3400900D893B7 /* VTAnnotation.swift */ = {isa = PBXFileReference; fileEncoding = 4; lastKnownFileType = sourcecode.swift; path = VTAnnotation.swift; sourceTree = "<group>"; };
		7793B1E51CA3400900D893B7 /* CoreDataStackManager.swift */ = {isa = PBXFileReference; fileEncoding = 4; lastKnownFileType = sourcecode.swift; path = CoreDataStackManager.swift; sourceTree = "<group>"; };
		7793B1E61CA3400900D893B7 /* Flickr-Constants.swift */ = {isa = PBXFileReference; fileEncoding = 4; lastKnownFileType = sourcecode.swift; path = "Flickr-Constants.swift"; sourceTree = "<group>"; };
		7793B1E71CA3400900D893B7 /* VTCollectionViewCell.swift */ = {isa = PBXFileReference; fileEncoding = 4; lastKnownFileType = sourcecode.swift; path = VTCollectionViewCell.swift; sourceTree = "<group>"; };
		7793B1F81CA3401D00D893B7 /* Model.xcdatamodel */ = {isa = PBXFileReference; lastKnownFileType = wrapper.xcdatamodel; path = Model.xcdatamodel; sourceTree = "<group>"; };
		77BD792E1FB69CDE000F72F9 /* PhotoViewModel.swift */ = {isa = PBXFileReference; lastKnownFileType = sourcecode.swift; path = PhotoViewModel.swift; sourceTree = "<group>"; };
		77F0CA731CACCF7400D4CD95 /* SiteSeeUITests.xctest */ = {isa = PBXFileReference; explicitFileType = wrapper.cfbundle; includeInIndex = 0; path = SiteSeeUITests.xctest; sourceTree = BUILT_PRODUCTS_DIR; };
		77F0CA751CACCF7400D4CD95 /* SiteSeeUITests.swift */ = {isa = PBXFileReference; lastKnownFileType = sourcecode.swift; path = SiteSeeUITests.swift; sourceTree = "<group>"; };
		77F0CA771CACCF7400D4CD95 /* Info.plist */ = {isa = PBXFileReference; lastKnownFileType = text.plist.xml; path = Info.plist; sourceTree = "<group>"; };
		77F0CA7D1CACCFF400D4CD95 /* SSUITests.swift */ = {isa = PBXFileReference; fileEncoding = 4; lastKnownFileType = sourcecode.swift; path = SSUITests.swift; sourceTree = "<group>"; };
		77F7AA451CA6E94D00658273 /* PhotoViewController.swift */ = {isa = PBXFileReference; fileEncoding = 4; lastKnownFileType = sourcecode.swift; path = PhotoViewController.swift; sourceTree = "<group>"; };
/* End PBXFileReference section */

/* Begin PBXFrameworksBuildPhase section */
		7793B1C11CA33F8100D893B7 /* Frameworks */ = {
			isa = PBXFrameworksBuildPhase;
			buildActionMask = 2147483647;
			files = (
			);
			runOnlyForDeploymentPostprocessing = 0;
		};
		77F0CA701CACCF7400D4CD95 /* Frameworks */ = {
			isa = PBXFrameworksBuildPhase;
			buildActionMask = 2147483647;
			files = (
			);
			runOnlyForDeploymentPostprocessing = 0;
		};
/* End PBXFrameworksBuildPhase section */

/* Begin PBXGroup section */
		772B7DCE1CA3409400849896 /* Model */ = {
			isa = PBXGroup;
			children = (
				7793B1E21CA3400900D893B7 /* Model.swift */,
				7793B1E41CA3400900D893B7 /* VTAnnotation.swift */,
				772B7DDA1CA4595500849896 /* Entities */,
				772B7DD11CA340B900849896 /* Wikipedia */,
				772B7DD01CA340AB00849896 /* Flickr */,
			);
			name = Model;
			sourceTree = "<group>";
		};
		772B7DCF1CA3409C00849896 /* View Controller */ = {
			isa = PBXGroup;
			children = (
				77F7AA451CA6E94D00658273 /* PhotoViewController.swift */,
				7793B1DB1CA3400900D893B7 /* SiteTableViewController.swift */,
				7793B1DF1CA3400900D893B7 /* PhotoAlbumViewController.swift */,
				7793B1E31CA3400900D893B7 /* LocationsMapViewController.swift */,
			);
			name = "View Controller";
			sourceTree = "<group>";
		};
		772B7DD01CA340AB00849896 /* Flickr */ = {
			isa = PBXGroup;
			children = (
				7793B1E11CA3400900D893B7 /* Flickr.swift */,
				7793B1E61CA3400900D893B7 /* Flickr-Constants.swift */,
				7760CAD41CB718DF00A5A180 /* Flickr-APIKey.swift */,
			);
			name = Flickr;
			sourceTree = "<group>";
		};
		772B7DD11CA340B900849896 /* Wikipedia */ = {
			isa = PBXGroup;
			children = (
				7793B1DD1CA3400900D893B7 /* Wikipedia.swift */,
				7793B1DE1CA3400900D893B7 /* Wikipedia-Constants.swift */,
			);
			name = Wikipedia;
			sourceTree = "<group>";
		};
		772B7DD21CA393F000849896 /* View */ = {
			isa = PBXGroup;
			children = (
				7793B1CB1CA33F8100D893B7 /* Main.storyboard */,
				7793B1D01CA33F8100D893B7 /* LaunchScreen.storyboard */,
				7793B1E71CA3400900D893B7 /* VTCollectionViewCell.swift */,
				7760CAD61CB71DDA00A5A180 /* SSMultilineButton.swift */,
				772B7DDD1CA47A0900849896 /* SSTableViewPhotosCell.swift */,
				772B7DD51CA3943100849896 /* SSTableViewCell.swift */,
			);
			name = View;
			sourceTree = "<group>";
		};
		772B7DDA1CA4595500849896 /* Entities */ = {
			isa = PBXGroup;
			children = (
				7793B1D91CA3400900D893B7 /* Article.swift */,
				7793B1DA1CA3400900D893B7 /* Article+CoreDataProperties.swift */,
				7793B1DC1CA3400900D893B7 /* Image.swift */,
				7793B1E01CA3400900D893B7 /* Image+CoreDataProperties.swift */,
			);
			name = Entities;
			sourceTree = "<group>";
		};
		7793B1BB1CA33F8100D893B7 = {
			isa = PBXGroup;
			children = (
				7793B1F71CA3401D00D893B7 /* Model.xcdatamodeld */,
				7793B1C61CA33F8100D893B7 /* SiteSee */,
				77F0CA741CACCF7400D4CD95 /* SiteSeeUITests */,
				7793B1C51CA33F8100D893B7 /* Products */,
				77F0CA6E1CACCF2200D4CD95 /* UITest */,
			);
			sourceTree = "<group>";
		};
		7793B1C51CA33F8100D893B7 /* Products */ = {
			isa = PBXGroup;
			children = (
				7793B1C41CA33F8100D893B7 /* SiteSee.app */,
				77F0CA731CACCF7400D4CD95 /* SiteSeeUITests.xctest */,
			);
			name = Products;
			sourceTree = "<group>";
		};
		7793B1C61CA33F8100D893B7 /* SiteSee */ = {
			isa = PBXGroup;
			children = (
				7793B1C71CA33F8100D893B7 /* AppDelegate.swift */,
				772B7DD21CA393F000849896 /* View */,
				7793B1CE1CA33F8100D893B7 /* Assets.xcassets */,
				7793B1D31CA33F8100D893B7 /* Info.plist */,
				7793B1E51CA3400900D893B7 /* CoreDataStackManager.swift */,
				772B7DCE1CA3409400849896 /* Model */,
				77BD792D1FB69C8F000F72F9 /* View Model */,
				772B7DCF1CA3409C00849896 /* View Controller */,
			);
			path = SiteSee;
			sourceTree = "<group>";
		};
		77BD792D1FB69C8F000F72F9 /* View Model */ = {
			isa = PBXGroup;
			children = (
				77BD792E1FB69CDE000F72F9 /* PhotoViewModel.swift */,
			);
			name = "View Model";
			sourceTree = "<group>";
		};
		77F0CA6E1CACCF2200D4CD95 /* UITest */ = {
			isa = PBXGroup;
			children = (
				777DE3A91CACDB8B007A81FC /* SnapshotHelper.swift */,
				77F0CA7D1CACCFF400D4CD95 /* SSUITests.swift */,
			);
			name = UITest;
			sourceTree = "<group>";
		};
		77F0CA741CACCF7400D4CD95 /* SiteSeeUITests */ = {
			isa = PBXGroup;
			children = (
				77F0CA751CACCF7400D4CD95 /* SiteSeeUITests.swift */,
				77F0CA771CACCF7400D4CD95 /* Info.plist */,
			);
			path = SiteSeeUITests;
			sourceTree = "<group>";
		};
/* End PBXGroup section */

/* Begin PBXNativeTarget section */
		7793B1C31CA33F8100D893B7 /* SiteSee */ = {
			isa = PBXNativeTarget;
			buildConfigurationList = 7793B1D61CA33F8100D893B7 /* Build configuration list for PBXNativeTarget "SiteSee" */;
			buildPhases = (
				7793B1C01CA33F8100D893B7 /* Sources */,
				7793B1C11CA33F8100D893B7 /* Frameworks */,
				7760CAD81CB7237D00A5A180 /* ShellScript */,
				7793B1C21CA33F8100D893B7 /* Resources */,
			);
			buildRules = (
			);
			dependencies = (
			);
			name = SiteSee;
			productName = SiteSee;
			productReference = 7793B1C41CA33F8100D893B7 /* SiteSee.app */;
			productType = "com.apple.product-type.application";
		};
		77F0CA721CACCF7400D4CD95 /* SiteSeeUITests */ = {
			isa = PBXNativeTarget;
			buildConfigurationList = 77F0CA7A1CACCF7400D4CD95 /* Build configuration list for PBXNativeTarget "SiteSeeUITests" */;
			buildPhases = (
				77F0CA6F1CACCF7400D4CD95 /* Sources */,
				77F0CA701CACCF7400D4CD95 /* Frameworks */,
				77F0CA711CACCF7400D4CD95 /* Resources */,
			);
			buildRules = (
			);
			dependencies = (
				77F0CA791CACCF7400D4CD95 /* PBXTargetDependency */,
			);
			name = SiteSeeUITests;
			productName = SiteSeeUITests;
			productReference = 77F0CA731CACCF7400D4CD95 /* SiteSeeUITests.xctest */;
			productType = "com.apple.product-type.bundle.ui-testing";
		};
/* End PBXNativeTarget section */

/* Begin PBXProject section */
		7793B1BC1CA33F8100D893B7 /* Project object */ = {
			isa = PBXProject;
			attributes = {
				LastSwiftUpdateCheck = 0730;
				LastUpgradeCheck = 0910;
				ORGANIZATIONNAME = Lai;
				TargetAttributes = {
					7793B1C31CA33F8100D893B7 = {
						CreatedOnToolsVersion = 7.3;
						DevelopmentTeam = DPRFY9YDG3;
						LastSwiftMigration = 0910;
					};
					77F0CA721CACCF7400D4CD95 = {
						CreatedOnToolsVersion = 7.3;
						LastSwiftMigration = 0910;
						TestTargetID = 7793B1C31CA33F8100D893B7;
					};
				};
			};
			buildConfigurationList = 7793B1BF1CA33F8100D893B7 /* Build configuration list for PBXProject "SiteSee" */;
			compatibilityVersion = "Xcode 3.2";
			developmentRegion = English;
			hasScannedForEncodings = 0;
			knownRegions = (
				en,
				Base,
			);
			mainGroup = 7793B1BB1CA33F8100D893B7;
			productRefGroup = 7793B1C51CA33F8100D893B7 /* Products */;
			projectDirPath = "";
			projectRoot = "";
			targets = (
				7793B1C31CA33F8100D893B7 /* SiteSee */,
				77F0CA721CACCF7400D4CD95 /* SiteSeeUITests */,
			);
		};
/* End PBXProject section */

/* Begin PBXResourcesBuildPhase section */
		7793B1C21CA33F8100D893B7 /* Resources */ = {
			isa = PBXResourcesBuildPhase;
			buildActionMask = 2147483647;
			files = (
				7793B1D21CA33F8100D893B7 /* LaunchScreen.storyboard in Resources */,
				7793B1CF1CA33F8100D893B7 /* Assets.xcassets in Resources */,
				7793B1CD1CA33F8100D893B7 /* Main.storyboard in Resources */,
			);
			runOnlyForDeploymentPostprocessing = 0;
		};
		77F0CA711CACCF7400D4CD95 /* Resources */ = {
			isa = PBXResourcesBuildPhase;
			buildActionMask = 2147483647;
			files = (
			);
			runOnlyForDeploymentPostprocessing = 0;
		};
/* End PBXResourcesBuildPhase section */

/* Begin PBXShellScriptBuildPhase section */
		7760CAD81CB7237D00A5A180 /* ShellScript */ = {
			isa = PBXShellScriptBuildPhase;
			buildActionMask = 2147483647;
			files = (
			);
			inputPaths = (
			);
			outputPaths = (
			);
			runOnlyForDeploymentPostprocessing = 0;
			shellPath = /bin/sh;
			shellScript = "buildNumber=$(/usr/libexec/PlistBuddy -c \"Print CFBundleVersion\" \"$INFOPLIST_FILE\")\nbuildNumber=$(($buildNumber + 1))\n/usr/libexec/PlistBuddy -c \"Set :CFBundleVersion $buildNumber\" \"$INFOPLIST_FILE\"";
		};
/* End PBXShellScriptBuildPhase section */

/* Begin PBXSourcesBuildPhase section */
		7793B1C01CA33F8100D893B7 /* Sources */ = {
			isa = PBXSourcesBuildPhase;
			buildActionMask = 2147483647;
			files = (
				7793B1E91CA3400900D893B7 /* Article+CoreDataProperties.swift in Sources */,
				7760CAD51CB718DF00A5A180 /* Flickr-APIKey.swift in Sources */,
				7793B1F01CA3400900D893B7 /* Flickr.swift in Sources */,
				7793B1F21CA3400900D893B7 /* LocationsMapViewController.swift in Sources */,
				7793B1EF1CA3400900D893B7 /* Image+CoreDataProperties.swift in Sources */,
				77BD792F1FB69CDE000F72F9 /* PhotoViewModel.swift in Sources */,
				7793B1F11CA3400900D893B7 /* Model.swift in Sources */,
				7793B1F91CA3401D00D893B7 /* Model.xcdatamodeld in Sources */,
				772B7DDE1CA47A0900849896 /* SSTableViewPhotosCell.swift in Sources */,
				7793B1F61CA3400900D893B7 /* VTCollectionViewCell.swift in Sources */,
				7793B1EC1CA3400900D893B7 /* Wikipedia.swift in Sources */,
				77F7AA461CA6E94D00658273 /* PhotoViewController.swift in Sources */,
				772B7DD61CA3943100849896 /* SSTableViewCell.swift in Sources */,
				7793B1F51CA3400900D893B7 /* Flickr-Constants.swift in Sources */,
				7793B1EE1CA3400900D893B7 /* PhotoAlbumViewController.swift in Sources */,
				7793B1EB1CA3400900D893B7 /* Image.swift in Sources */,
				7760CAD71CB71DDA00A5A180 /* SSMultilineButton.swift in Sources */,
				7793B1F41CA3400900D893B7 /* CoreDataStackManager.swift in Sources */,
				7793B1C81CA33F8100D893B7 /* AppDelegate.swift in Sources */,
				7793B1ED1CA3400900D893B7 /* Wikipedia-Constants.swift in Sources */,
				7793B1EA1CA3400900D893B7 /* SiteTableViewController.swift in Sources */,
				7793B1F31CA3400900D893B7 /* VTAnnotation.swift in Sources */,
				7793B1E81CA3400900D893B7 /* Article.swift in Sources */,
			);
			runOnlyForDeploymentPostprocessing = 0;
		};
		77F0CA6F1CACCF7400D4CD95 /* Sources */ = {
			isa = PBXSourcesBuildPhase;
			buildActionMask = 2147483647;
			files = (
				777DE3AA1CACDB8B007A81FC /* SnapshotHelper.swift in Sources */,
				77F0CA7E1CACCFF400D4CD95 /* SSUITests.swift in Sources */,
			);
			runOnlyForDeploymentPostprocessing = 0;
		};
/* End PBXSourcesBuildPhase section */

/* Begin PBXTargetDependency section */
		77F0CA791CACCF7400D4CD95 /* PBXTargetDependency */ = {
			isa = PBXTargetDependency;
			target = 7793B1C31CA33F8100D893B7 /* SiteSee */;
			targetProxy = 77F0CA781CACCF7400D4CD95 /* PBXContainerItemProxy */;
		};
/* End PBXTargetDependency section */

/* Begin PBXVariantGroup section */
		7793B1CB1CA33F8100D893B7 /* Main.storyboard */ = {
			isa = PBXVariantGroup;
			children = (
				7793B1CC1CA33F8100D893B7 /* Base */,
			);
			name = Main.storyboard;
			sourceTree = "<group>";
		};
		7793B1D01CA33F8100D893B7 /* LaunchScreen.storyboard */ = {
			isa = PBXVariantGroup;
			children = (
				7793B1D11CA33F8100D893B7 /* Base */,
			);
			name = LaunchScreen.storyboard;
			sourceTree = "<group>";
		};
/* End PBXVariantGroup section */

/* Begin XCBuildConfiguration section */
		7793B1D41CA33F8100D893B7 /* Debug */ = {
			isa = XCBuildConfiguration;
			buildSettings = {
				ALWAYS_SEARCH_USER_PATHS = NO;
				CLANG_ANALYZER_NONNULL = YES;
				CLANG_CXX_LANGUAGE_STANDARD = "gnu++0x";
				CLANG_CXX_LIBRARY = "libc++";
				CLANG_ENABLE_MODULES = YES;
				CLANG_ENABLE_OBJC_ARC = YES;
				CLANG_WARN_BLOCK_CAPTURE_AUTORELEASING = YES;
				CLANG_WARN_BOOL_CONVERSION = YES;
				CLANG_WARN_COMMA = YES;
				CLANG_WARN_CONSTANT_CONVERSION = YES;
				CLANG_WARN_DIRECT_OBJC_ISA_USAGE = YES_ERROR;
				CLANG_WARN_EMPTY_BODY = YES;
				CLANG_WARN_ENUM_CONVERSION = YES;
				CLANG_WARN_INFINITE_RECURSION = YES;
				CLANG_WARN_INT_CONVERSION = YES;
				CLANG_WARN_NON_LITERAL_NULL_CONVERSION = YES;
				CLANG_WARN_OBJC_LITERAL_CONVERSION = YES;
				CLANG_WARN_OBJC_ROOT_CLASS = YES_ERROR;
				CLANG_WARN_RANGE_LOOP_ANALYSIS = YES;
				CLANG_WARN_STRICT_PROTOTYPES = YES;
				CLANG_WARN_SUSPICIOUS_MOVE = YES;
				CLANG_WARN_UNREACHABLE_CODE = YES;
				CLANG_WARN__DUPLICATE_METHOD_MATCH = YES;
				"CODE_SIGN_IDENTITY[sdk=iphoneos*]" = "iPhone Developer";
				COPY_PHASE_STRIP = NO;
				DEBUG_INFORMATION_FORMAT = dwarf;
				ENABLE_STRICT_OBJC_MSGSEND = YES;
				ENABLE_TESTABILITY = YES;
				GCC_C_LANGUAGE_STANDARD = gnu99;
				GCC_DYNAMIC_NO_PIC = NO;
				GCC_NO_COMMON_BLOCKS = YES;
				GCC_OPTIMIZATION_LEVEL = 0;
				GCC_PREPROCESSOR_DEFINITIONS = (
					"DEBUG=1",
					"$(inherited)",
				);
				GCC_WARN_64_TO_32_BIT_CONVERSION = YES;
				GCC_WARN_ABOUT_RETURN_TYPE = YES_ERROR;
				GCC_WARN_UNDECLARED_SELECTOR = YES;
				GCC_WARN_UNINITIALIZED_AUTOS = YES_AGGRESSIVE;
				GCC_WARN_UNUSED_FUNCTION = YES;
				GCC_WARN_UNUSED_VARIABLE = YES;
				IPHONEOS_DEPLOYMENT_TARGET = 9.3;
				MTL_ENABLE_DEBUG_INFO = YES;
				ONLY_ACTIVE_ARCH = YES;
				SDKROOT = iphoneos;
				SWIFT_OPTIMIZATION_LEVEL = "-Onone";
			};
			name = Debug;
		};
		7793B1D51CA33F8100D893B7 /* Release */ = {
			isa = XCBuildConfiguration;
			buildSettings = {
				ALWAYS_SEARCH_USER_PATHS = NO;
				CLANG_ANALYZER_NONNULL = YES;
				CLANG_CXX_LANGUAGE_STANDARD = "gnu++0x";
				CLANG_CXX_LIBRARY = "libc++";
				CLANG_ENABLE_MODULES = YES;
				CLANG_ENABLE_OBJC_ARC = YES;
				CLANG_WARN_BLOCK_CAPTURE_AUTORELEASING = YES;
				CLANG_WARN_BOOL_CONVERSION = YES;
				CLANG_WARN_COMMA = YES;
				CLANG_WARN_CONSTANT_CONVERSION = YES;
				CLANG_WARN_DIRECT_OBJC_ISA_USAGE = YES_ERROR;
				CLANG_WARN_EMPTY_BODY = YES;
				CLANG_WARN_ENUM_CONVERSION = YES;
				CLANG_WARN_INFINITE_RECURSION = YES;
				CLANG_WARN_INT_CONVERSION = YES;
				CLANG_WARN_NON_LITERAL_NULL_CONVERSION = YES;
				CLANG_WARN_OBJC_LITERAL_CONVERSION = YES;
				CLANG_WARN_OBJC_ROOT_CLASS = YES_ERROR;
				CLANG_WARN_RANGE_LOOP_ANALYSIS = YES;
				CLANG_WARN_STRICT_PROTOTYPES = YES;
				CLANG_WARN_SUSPICIOUS_MOVE = YES;
				CLANG_WARN_UNREACHABLE_CODE = YES;
				CLANG_WARN__DUPLICATE_METHOD_MATCH = YES;
				"CODE_SIGN_IDENTITY[sdk=iphoneos*]" = "iPhone Developer";
				COPY_PHASE_STRIP = NO;
				DEBUG_INFORMATION_FORMAT = "dwarf-with-dsym";
				ENABLE_NS_ASSERTIONS = NO;
				ENABLE_STRICT_OBJC_MSGSEND = YES;
				GCC_C_LANGUAGE_STANDARD = gnu99;
				GCC_NO_COMMON_BLOCKS = YES;
				GCC_WARN_64_TO_32_BIT_CONVERSION = YES;
				GCC_WARN_ABOUT_RETURN_TYPE = YES_ERROR;
				GCC_WARN_UNDECLARED_SELECTOR = YES;
				GCC_WARN_UNINITIALIZED_AUTOS = YES_AGGRESSIVE;
				GCC_WARN_UNUSED_FUNCTION = YES;
				GCC_WARN_UNUSED_VARIABLE = YES;
				IPHONEOS_DEPLOYMENT_TARGET = 9.3;
				MTL_ENABLE_DEBUG_INFO = NO;
				SDKROOT = iphoneos;
				SWIFT_OPTIMIZATION_LEVEL = "-Owholemodule";
				VALIDATE_PRODUCT = YES;
			};
			name = Release;
		};
		7793B1D71CA33F8100D893B7 /* Debug */ = {
			isa = XCBuildConfiguration;
			buildSettings = {
				ASSETCATALOG_COMPILER_APPICON_NAME = AppIcon;
				CODE_SIGN_IDENTITY = "iPhone Developer";
				"CODE_SIGN_IDENTITY[sdk=iphoneos*]" = "iPhone Developer";
				INFOPLIST_FILE = SiteSee/Info.plist;
				IPHONEOS_DEPLOYMENT_TARGET = 10.0;
				LD_RUNPATH_SEARCH_PATHS = "$(inherited) @executable_path/Frameworks";
				PRODUCT_BUNDLE_IDENTIFIER = com.Lai.SiteSee;
				PRODUCT_NAME = "$(TARGET_NAME)";
				PROVISIONING_PROFILE = "";
				SWIFT_SWIFT3_OBJC_INFERENCE = On;
				SWIFT_VERSION = 4.0;
				TARGETED_DEVICE_FAMILY = 1;
				VERSIONING_SYSTEM = "apple-generic";
			};
			name = Debug;
		};
		7793B1D81CA33F8100D893B7 /* Release */ = {
			isa = XCBuildConfiguration;
			buildSettings = {
				ASSETCATALOG_COMPILER_APPICON_NAME = AppIcon;
				CODE_SIGN_IDENTITY = "iPhone Developer";
				"CODE_SIGN_IDENTITY[sdk=iphoneos*]" = "iPhone Developer";
				INFOPLIST_FILE = SiteSee/Info.plist;
				IPHONEOS_DEPLOYMENT_TARGET = 10.0;
				LD_RUNPATH_SEARCH_PATHS = "$(inherited) @executable_path/Frameworks";
				PRODUCT_BUNDLE_IDENTIFIER = com.Lai.SiteSee;
				PRODUCT_NAME = "$(TARGET_NAME)";
				PROVISIONING_PROFILE = "";
				SWIFT_SWIFT3_OBJC_INFERENCE = On;
				SWIFT_VERSION = 4.0;
				TARGETED_DEVICE_FAMILY = 1;
				VERSIONING_SYSTEM = "apple-generic";
			};
			name = Release;
		};
		77F0CA7B1CACCF7400D4CD95 /* Debug */ = {
			isa = XCBuildConfiguration;
			buildSettings = {
				INFOPLIST_FILE = SiteSeeUITests/Info.plist;
				LD_RUNPATH_SEARCH_PATHS = "$(inherited) @executable_path/Frameworks @loader_path/Frameworks";
				PRODUCT_BUNDLE_IDENTIFIER = com.Lai.SiteSeeUITests;
				PRODUCT_NAME = "$(TARGET_NAME)";
				SWIFT_SWIFT3_OBJC_INFERENCE = On;
				SWIFT_VERSION = 4.0;
				TEST_TARGET_NAME = SiteSee;
			};
			name = Debug;
		};
		77F0CA7C1CACCF7400D4CD95 /* Release */ = {
			isa = XCBuildConfiguration;
			buildSettings = {
				INFOPLIST_FILE = SiteSeeUITests/Info.plist;
				LD_RUNPATH_SEARCH_PATHS = "$(inherited) @executable_path/Frameworks @loader_path/Frameworks";
				PRODUCT_BUNDLE_IDENTIFIER = com.Lai.SiteSeeUITests;
				PRODUCT_NAME = "$(TARGET_NAME)";
				SWIFT_SWIFT3_OBJC_INFERENCE = On;
				SWIFT_VERSION = 4.0;
				TEST_TARGET_NAME = SiteSee;
			};
			name = Release;
		};
/* End XCBuildConfiguration section */

/* Begin XCConfigurationList section */
		7793B1BF1CA33F8100D893B7 /* Build configuration list for PBXProject "SiteSee" */ = {
			isa = XCConfigurationList;
			buildConfigurations = (
				7793B1D41CA33F8100D893B7 /* Debug */,
				7793B1D51CA33F8100D893B7 /* Release */,
			);
			defaultConfigurationIsVisible = 0;
			defaultConfigurationName = Release;
		};
		7793B1D61CA33F8100D893B7 /* Build configuration list for PBXNativeTarget "SiteSee" */ = {
			isa = XCConfigurationList;
			buildConfigurations = (
				7793B1D71CA33F8100D893B7 /* Debug */,
				7793B1D81CA33F8100D893B7 /* Release */,
			);
			defaultConfigurationIsVisible = 0;
			defaultConfigurationName = Release;
		};
		77F0CA7A1CACCF7400D4CD95 /* Build configuration list for PBXNativeTarget "SiteSeeUITests" */ = {
			isa = XCConfigurationList;
			buildConfigurations = (
				77F0CA7B1CACCF7400D4CD95 /* Debug */,
				77F0CA7C1CACCF7400D4CD95 /* Release */,
			);
			defaultConfigurationIsVisible = 0;
			defaultConfigurationName = Release;
		};
/* End XCConfigurationList section */

/* Begin XCVersionGroup section */
		7793B1F71CA3401D00D893B7 /* Model.xcdatamodeld */ = {
			isa = XCVersionGroup;
			children = (
				7793B1F81CA3401D00D893B7 /* Model.xcdatamodel */,
			);
			currentVersion = 7793B1F81CA3401D00D893B7 /* Model.xcdatamodel */;
			name = Model.xcdatamodeld;
			path = SiteSee/Model.xcdatamodeld;
			sourceTree = "<group>";
			versionGroupType = wrapper.xcdatamodel;
		};
/* End XCVersionGroup section */
	};
	rootObject = 7793B1BC1CA33F8100D893B7 /* Project object */;
}
